// !$*UTF8*$!
{
	archiveVersion = 1;
	classes = {
	};
	objectVersion = 46;
	objects = {

/* Begin PBXBuildFile section */
		3B2ACAE61DEF393A00BE5966 /* Task2 in Resources */ = {isa = PBXBuildFile; fileRef = 3B2ACAE51DEF393A00BE5966 /* Task2 */; };
		3B497AFF1DDDDCEA00F9395B /* MasterStudent.swift in Sources */ = {isa = PBXBuildFile; fileRef = 3B497AFE1DDDDCEA00F9395B /* MasterStudent.swift */; };
		3B497B001DDDDCEA00F9395B /* MasterStudent.swift in Sources */ = {isa = PBXBuildFile; fileRef = 3B497AFE1DDDDCEA00F9395B /* MasterStudent.swift */; };
		3B497B011DDDDCEA00F9395B /* MasterStudent.swift in Sources */ = {isa = PBXBuildFile; fileRef = 3B497AFE1DDDDCEA00F9395B /* MasterStudent.swift */; };
		3B497B031DDDDF0F00F9395B /* PhdStudent.swift in Sources */ = {isa = PBXBuildFile; fileRef = 3B497B021DDDDF0F00F9395B /* PhdStudent.swift */; };
		3B497B041DDDDF0F00F9395B /* PhdStudent.swift in Sources */ = {isa = PBXBuildFile; fileRef = 3B497B021DDDDF0F00F9395B /* PhdStudent.swift */; };
		3B497B051DDDDF0F00F9395B /* PhdStudent.swift in Sources */ = {isa = PBXBuildFile; fileRef = 3B497B021DDDDF0F00F9395B /* PhdStudent.swift */; };
		3B497B071DDDEDDE00F9395B /* PhdStudentTESTs.swift in Sources */ = {isa = PBXBuildFile; fileRef = 3B497B061DDDEDDE00F9395B /* PhdStudentTESTs.swift */; };
		3B497B091DDDEE1400F9395B /* MasterStudentTESTs.swift in Sources */ = {isa = PBXBuildFile; fileRef = 3B497B081DDDEE1400F9395B /* MasterStudentTESTs.swift */; };
		E0B5F7B81DD8626500635CFA /* AppDelegate.swift in Sources */ = {isa = PBXBuildFile; fileRef = E0B5F7B71DD8626500635CFA /* AppDelegate.swift */; };
		E0B5F7BA1DD8626500635CFA /* ViewController.swift in Sources */ = {isa = PBXBuildFile; fileRef = E0B5F7B91DD8626500635CFA /* ViewController.swift */; };
		E0B5F7BD1DD8626500635CFA /* Main.storyboard in Resources */ = {isa = PBXBuildFile; fileRef = E0B5F7BB1DD8626500635CFA /* Main.storyboard */; };
		E0B5F7BF1DD8626500635CFA /* Assets.xcassets in Resources */ = {isa = PBXBuildFile; fileRef = E0B5F7BE1DD8626500635CFA /* Assets.xcassets */; };
		E0B5F7C21DD8626500635CFA /* LaunchScreen.storyboard in Resources */ = {isa = PBXBuildFile; fileRef = E0B5F7C01DD8626500635CFA /* LaunchScreen.storyboard */; };
		E0B5F7CD1DD8626500635CFA /* projectTests.swift in Sources */ = {isa = PBXBuildFile; fileRef = E0B5F7CC1DD8626500635CFA /* projectTests.swift */; };
		E0B5F7D81DD8626500635CFA /* projectUITests.swift in Sources */ = {isa = PBXBuildFile; fileRef = E0B5F7D71DD8626500635CFA /* projectUITests.swift */; };
		E0B5F7E81DD8642000635CFA /* Student.swift in Sources */ = {isa = PBXBuildFile; fileRef = E0B5F7E71DD8642000635CFA /* Student.swift */; };
		E0B5F7E91DD8642000635CFA /* Student.swift in Sources */ = {isa = PBXBuildFile; fileRef = E0B5F7E71DD8642000635CFA /* Student.swift */; };
		E0B5F7EA1DD8642000635CFA /* Student.swift in Sources */ = {isa = PBXBuildFile; fileRef = E0B5F7E71DD8642000635CFA /* Student.swift */; };
		E0B5F7EC1DD867E700635CFA /* StudentTest.swift in Sources */ = {isa = PBXBuildFile; fileRef = E0B5F7EB1DD867E700635CFA /* StudentTest.swift */; };
		E0B5F7EE1DD8717400635CFA /* StudentsDB.swift in Sources */ = {isa = PBXBuildFile; fileRef = E0B5F7ED1DD8717400635CFA /* StudentsDB.swift */; };
		E0B5F7EF1DD8717400635CFA /* StudentsDB.swift in Sources */ = {isa = PBXBuildFile; fileRef = E0B5F7ED1DD8717400635CFA /* StudentsDB.swift */; };
		E0B5F7F01DD8717400635CFA /* StudentsDB.swift in Sources */ = {isa = PBXBuildFile; fileRef = E0B5F7ED1DD8717400635CFA /* StudentsDB.swift */; };
		E0B5F7F21DD88F3B00635CFA /* StudentsDBtest.swift in Sources */ = {isa = PBXBuildFile; fileRef = E0B5F7F11DD88F3B00635CFA /* StudentsDBtest.swift */; };
/* End PBXBuildFile section */

/* Begin PBXContainerItemProxy section */
		E0B5F7C91DD8626500635CFA /* PBXContainerItemProxy */ = {
			isa = PBXContainerItemProxy;
			containerPortal = E0B5F7AC1DD8626500635CFA /* Project object */;
			proxyType = 1;
			remoteGlobalIDString = E0B5F7B31DD8626500635CFA;
			remoteInfo = project;
		};
		E0B5F7D41DD8626500635CFA /* PBXContainerItemProxy */ = {
			isa = PBXContainerItemProxy;
			containerPortal = E0B5F7AC1DD8626500635CFA /* Project object */;
			proxyType = 1;
			remoteGlobalIDString = E0B5F7B31DD8626500635CFA;
			remoteInfo = project;
		};
/* End PBXContainerItemProxy section */

/* Begin PBXFileReference section */
		3B2ACAE51DEF393A00BE5966 /* Task2 */ = {isa = PBXFileReference; lastKnownFileType = folder; name = Task2; path = ../Task2; sourceTree = "<group>"; };
		3B497AFE1DDDDCEA00F9395B /* MasterStudent.swift */ = {isa = PBXFileReference; fileEncoding = 4; lastKnownFileType = sourcecode.swift; path = MasterStudent.swift; sourceTree = "<group>"; };
		3B497B021DDDDF0F00F9395B /* PhdStudent.swift */ = {isa = PBXFileReference; fileEncoding = 4; lastKnownFileType = sourcecode.swift; path = PhdStudent.swift; sourceTree = "<group>"; };
		3B497B061DDDEDDE00F9395B /* PhdStudentTESTs.swift */ = {isa = PBXFileReference; fileEncoding = 4; lastKnownFileType = sourcecode.swift; path = PhdStudentTESTs.swift; sourceTree = "<group>"; };
		3B497B081DDDEE1400F9395B /* MasterStudentTESTs.swift */ = {isa = PBXFileReference; fileEncoding = 4; lastKnownFileType = sourcecode.swift; path = MasterStudentTESTs.swift; sourceTree = "<group>"; };
		E0B5F7B41DD8626500635CFA /* project.app */ = {isa = PBXFileReference; explicitFileType = wrapper.application; includeInIndex = 0; path = project.app; sourceTree = BUILT_PRODUCTS_DIR; };
		E0B5F7B71DD8626500635CFA /* AppDelegate.swift */ = {isa = PBXFileReference; lastKnownFileType = sourcecode.swift; path = AppDelegate.swift; sourceTree = "<group>"; };
		E0B5F7B91DD8626500635CFA /* ViewController.swift */ = {isa = PBXFileReference; lastKnownFileType = sourcecode.swift; path = ViewController.swift; sourceTree = "<group>"; };
		E0B5F7BC1DD8626500635CFA /* Base */ = {isa = PBXFileReference; lastKnownFileType = file.storyboard; name = Base; path = Base.lproj/Main.storyboard; sourceTree = "<group>"; };
		E0B5F7BE1DD8626500635CFA /* Assets.xcassets */ = {isa = PBXFileReference; lastKnownFileType = folder.assetcatalog; path = Assets.xcassets; sourceTree = "<group>"; };
		E0B5F7C11DD8626500635CFA /* Base */ = {isa = PBXFileReference; lastKnownFileType = file.storyboard; name = Base; path = Base.lproj/LaunchScreen.storyboard; sourceTree = "<group>"; };
		E0B5F7C31DD8626500635CFA /* Info.plist */ = {isa = PBXFileReference; lastKnownFileType = text.plist.xml; path = Info.plist; sourceTree = "<group>"; };
		E0B5F7C81DD8626500635CFA /* projectTests.xctest */ = {isa = PBXFileReference; explicitFileType = wrapper.cfbundle; includeInIndex = 0; path = projectTests.xctest; sourceTree = BUILT_PRODUCTS_DIR; };
		E0B5F7CC1DD8626500635CFA /* projectTests.swift */ = {isa = PBXFileReference; lastKnownFileType = sourcecode.swift; path = projectTests.swift; sourceTree = "<group>"; };
		E0B5F7CE1DD8626500635CFA /* Info.plist */ = {isa = PBXFileReference; lastKnownFileType = text.plist.xml; path = Info.plist; sourceTree = "<group>"; };
		E0B5F7D31DD8626500635CFA /* projectUITests.xctest */ = {isa = PBXFileReference; explicitFileType = wrapper.cfbundle; includeInIndex = 0; path = projectUITests.xctest; sourceTree = BUILT_PRODUCTS_DIR; };
		E0B5F7D71DD8626500635CFA /* projectUITests.swift */ = {isa = PBXFileReference; lastKnownFileType = sourcecode.swift; path = projectUITests.swift; sourceTree = "<group>"; };
		E0B5F7D91DD8626500635CFA /* Info.plist */ = {isa = PBXFileReference; lastKnownFileType = text.plist.xml; path = Info.plist; sourceTree = "<group>"; };
		E0B5F7E71DD8642000635CFA /* Student.swift */ = {isa = PBXFileReference; fileEncoding = 4; lastKnownFileType = sourcecode.swift; path = Student.swift; sourceTree = "<group>"; };
		E0B5F7EB1DD867E700635CFA /* StudentTest.swift */ = {isa = PBXFileReference; fileEncoding = 4; lastKnownFileType = sourcecode.swift; path = StudentTest.swift; sourceTree = "<group>"; };
		E0B5F7ED1DD8717400635CFA /* StudentsDB.swift */ = {isa = PBXFileReference; fileEncoding = 4; lastKnownFileType = sourcecode.swift; path = StudentsDB.swift; sourceTree = "<group>"; };
		E0B5F7F11DD88F3B00635CFA /* StudentsDBtest.swift */ = {isa = PBXFileReference; fileEncoding = 4; lastKnownFileType = sourcecode.swift; path = StudentsDBtest.swift; sourceTree = "<group>"; };
/* End PBXFileReference section */

/* Begin PBXFrameworksBuildPhase section */
		E0B5F7B11DD8626500635CFA /* Frameworks */ = {
			isa = PBXFrameworksBuildPhase;
			buildActionMask = 2147483647;
			files = (
			);
			runOnlyForDeploymentPostprocessing = 0;
		};
		E0B5F7C51DD8626500635CFA /* Frameworks */ = {
			isa = PBXFrameworksBuildPhase;
			buildActionMask = 2147483647;
			files = (
			);
			runOnlyForDeploymentPostprocessing = 0;
		};
		E0B5F7D01DD8626500635CFA /* Frameworks */ = {
			isa = PBXFrameworksBuildPhase;
			buildActionMask = 2147483647;
			files = (
			);
			runOnlyForDeploymentPostprocessing = 0;
		};
/* End PBXFrameworksBuildPhase section */

/* Begin PBXGroup section */
		3B2ACAE31DEF38FC00BE5966 /* Task1 */ = {
			isa = PBXGroup;
			children = (
				E0B5F7B61DD8626500635CFA /* project */,
				E0B5F7CB1DD8626500635CFA /* projectTests */,
				E0B5F7D61DD8626500635CFA /* projectUITests */,
				E0B5F7B51DD8626500635CFA /* Products */,
			);
			name = Task1;
			sourceTree = "<group>";
		};
		E0B5F7AB1DD8626500635CFA = {
			isa = PBXGroup;
			children = (
				3B2ACAE51DEF393A00BE5966 /* Task2 */,
				3B2ACAE31DEF38FC00BE5966 /* Task1 */,
			);
			sourceTree = "<group>";
		};
		E0B5F7B51DD8626500635CFA /* Products */ = {
			isa = PBXGroup;
			children = (
				E0B5F7B41DD8626500635CFA /* project.app */,
				E0B5F7C81DD8626500635CFA /* projectTests.xctest */,
				E0B5F7D31DD8626500635CFA /* projectUITests.xctest */,
			);
			name = Products;
			sourceTree = "<group>";
		};
		E0B5F7B61DD8626500635CFA /* project */ = {
			isa = PBXGroup;
			children = (
				E0B5F7E61DD863D500635CFA /* model */,
				E0B5F7E51DD8639900635CFA /* main */,
				E0B5F7BE1DD8626500635CFA /* Assets.xcassets */,
				E0B5F7C01DD8626500635CFA /* LaunchScreen.storyboard */,
				E0B5F7C31DD8626500635CFA /* Info.plist */,
			);
			path = project;
			sourceTree = "<group>";
		};
		E0B5F7CB1DD8626500635CFA /* projectTests */ = {
			isa = PBXGroup;
			children = (
				E0B5F7CC1DD8626500635CFA /* projectTests.swift */,
				E0B5F7CE1DD8626500635CFA /* Info.plist */,
				E0B5F7EB1DD867E700635CFA /* StudentTest.swift */,
				E0B5F7F11DD88F3B00635CFA /* StudentsDBtest.swift */,
				3B497B061DDDEDDE00F9395B /* PhdStudentTESTs.swift */,
				3B497B081DDDEE1400F9395B /* MasterStudentTESTs.swift */,
			);
			path = projectTests;
			sourceTree = "<group>";
		};
		E0B5F7D61DD8626500635CFA /* projectUITests */ = {
			isa = PBXGroup;
			children = (
				E0B5F7D71DD8626500635CFA /* projectUITests.swift */,
				E0B5F7D91DD8626500635CFA /* Info.plist */,
			);
			path = projectUITests;
			sourceTree = "<group>";
		};
		E0B5F7E51DD8639900635CFA /* main */ = {
			isa = PBXGroup;
			children = (
				E0B5F7B71DD8626500635CFA /* AppDelegate.swift */,
				E0B5F7B91DD8626500635CFA /* ViewController.swift */,
				E0B5F7BB1DD8626500635CFA /* Main.storyboard */,
			);
			name = main;
			sourceTree = "<group>";
		};
		E0B5F7E61DD863D500635CFA /* model */ = {
			isa = PBXGroup;
			children = (
				E0B5F7E71DD8642000635CFA /* Student.swift */,
				E0B5F7ED1DD8717400635CFA /* StudentsDB.swift */,
				3B497AFE1DDDDCEA00F9395B /* MasterStudent.swift */,
				3B497B021DDDDF0F00F9395B /* PhdStudent.swift */,
			);
			name = model;
			sourceTree = "<group>";
		};
/* End PBXGroup section */

/* Begin PBXNativeTarget section */
		E0B5F7B31DD8626500635CFA /* project */ = {
			isa = PBXNativeTarget;
			buildConfigurationList = E0B5F7DC1DD8626500635CFA /* Build configuration list for PBXNativeTarget "project" */;
			buildPhases = (
				E0B5F7B01DD8626500635CFA /* Sources */,
				E0B5F7B11DD8626500635CFA /* Frameworks */,
				E0B5F7B21DD8626500635CFA /* Resources */,
			);
			buildRules = (
			);
			dependencies = (
			);
			name = project;
			productName = project;
			productReference = E0B5F7B41DD8626500635CFA /* project.app */;
			productType = "com.apple.product-type.application";
		};
		E0B5F7C71DD8626500635CFA /* projectTests */ = {
			isa = PBXNativeTarget;
			buildConfigurationList = E0B5F7DF1DD8626500635CFA /* Build configuration list for PBXNativeTarget "projectTests" */;
			buildPhases = (
				E0B5F7C41DD8626500635CFA /* Sources */,
				E0B5F7C51DD8626500635CFA /* Frameworks */,
				E0B5F7C61DD8626500635CFA /* Resources */,
			);
			buildRules = (
			);
			dependencies = (
				E0B5F7CA1DD8626500635CFA /* PBXTargetDependency */,
			);
			name = projectTests;
			productName = projectTests;
			productReference = E0B5F7C81DD8626500635CFA /* projectTests.xctest */;
			productType = "com.apple.product-type.bundle.unit-test";
		};
		E0B5F7D21DD8626500635CFA /* projectUITests */ = {
			isa = PBXNativeTarget;
			buildConfigurationList = E0B5F7E21DD8626500635CFA /* Build configuration list for PBXNativeTarget "projectUITests" */;
			buildPhases = (
				E0B5F7CF1DD8626500635CFA /* Sources */,
				E0B5F7D01DD8626500635CFA /* Frameworks */,
				E0B5F7D11DD8626500635CFA /* Resources */,
			);
			buildRules = (
			);
			dependencies = (
				E0B5F7D51DD8626500635CFA /* PBXTargetDependency */,
			);
			name = projectUITests;
			productName = projectUITests;
			productReference = E0B5F7D31DD8626500635CFA /* projectUITests.xctest */;
			productType = "com.apple.product-type.bundle.ui-testing";
		};
/* End PBXNativeTarget section */

/* Begin PBXProject section */
		E0B5F7AC1DD8626500635CFA /* Project object */ = {
			isa = PBXProject;
			attributes = {
				LastSwiftUpdateCheck = 0800;
				LastUpgradeCheck = 0810;
				ORGANIZATIONNAME = "Shay Kremer Ron Naor";
				TargetAttributes = {
					E0B5F7B31DD8626500635CFA = {
						CreatedOnToolsVersion = 8.0;
						ProvisioningStyle = Automatic;
					};
					E0B5F7C71DD8626500635CFA = {
						CreatedOnToolsVersion = 8.0;
						ProvisioningStyle = Automatic;
						TestTargetID = E0B5F7B31DD8626500635CFA;
					};
					E0B5F7D21DD8626500635CFA = {
						CreatedOnToolsVersion = 8.0;
						ProvisioningStyle = Automatic;
						TestTargetID = E0B5F7B31DD8626500635CFA;
					};
				};
			};
			buildConfigurationList = E0B5F7AF1DD8626500635CFA /* Build configuration list for PBXProject "project" */;
			compatibilityVersion = "Xcode 3.2";
			developmentRegion = English;
			hasScannedForEncodings = 0;
			knownRegions = (
				en,
				Base,
			);
			mainGroup = E0B5F7AB1DD8626500635CFA;
			productRefGroup = E0B5F7B51DD8626500635CFA /* Products */;
			projectDirPath = "";
			projectRoot = "";
			targets = (
				E0B5F7B31DD8626500635CFA /* project */,
				E0B5F7C71DD8626500635CFA /* projectTests */,
				E0B5F7D21DD8626500635CFA /* projectUITests */,
			);
		};
/* End PBXProject section */

/* Begin PBXResourcesBuildPhase section */
		E0B5F7B21DD8626500635CFA /* Resources */ = {
			isa = PBXResourcesBuildPhase;
			buildActionMask = 2147483647;
			files = (
				E0B5F7C21DD8626500635CFA /* LaunchScreen.storyboard in Resources */,
				E0B5F7BF1DD8626500635CFA /* Assets.xcassets in Resources */,
				3B2ACAE61DEF393A00BE5966 /* Task2 in Resources */,
				E0B5F7BD1DD8626500635CFA /* Main.storyboard in Resources */,
			);
			runOnlyForDeploymentPostprocessing = 0;
		};
		E0B5F7C61DD8626500635CFA /* Resources */ = {
			isa = PBXResourcesBuildPhase;
			buildActionMask = 2147483647;
			files = (
			);
			runOnlyForDeploymentPostprocessing = 0;
		};
		E0B5F7D11DD8626500635CFA /* Resources */ = {
			isa = PBXResourcesBuildPhase;
			buildActionMask = 2147483647;
			files = (
			);
			runOnlyForDeploymentPostprocessing = 0;
		};
/* End PBXResourcesBuildPhase section */

/* Begin PBXSourcesBuildPhase section */
		E0B5F7B01DD8626500635CFA /* Sources */ = {
			isa = PBXSourcesBuildPhase;
			buildActionMask = 2147483647;
			files = (
				E0B5F7BA1DD8626500635CFA /* ViewController.swift in Sources */,
				E0B5F7E81DD8642000635CFA /* Student.swift in Sources */,
				3B497AFF1DDDDCEA00F9395B /* MasterStudent.swift in Sources */,
				E0B5F7B81DD8626500635CFA /* AppDelegate.swift in Sources */,
				3B497B031DDDDF0F00F9395B /* PhdStudent.swift in Sources */,
				E0B5F7EE1DD8717400635CFA /* StudentsDB.swift in Sources */,
			);
			runOnlyForDeploymentPostprocessing = 0;
		};
		E0B5F7C41DD8626500635CFA /* Sources */ = {
			isa = PBXSourcesBuildPhase;
			buildActionMask = 2147483647;
			files = (
				E0B5F7CD1DD8626500635CFA /* projectTests.swift in Sources */,
				E0B5F7F21DD88F3B00635CFA /* StudentsDBtest.swift in Sources */,
				E0B5F7E91DD8642000635CFA /* Student.swift in Sources */,
				3B497B001DDDDCEA00F9395B /* MasterStudent.swift in Sources */,
				E0B5F7EC1DD867E700635CFA /* StudentTest.swift in Sources */,
				3B497B041DDDDF0F00F9395B /* PhdStudent.swift in Sources */,
				3B497B071DDDEDDE00F9395B /* PhdStudentTESTs.swift in Sources */,
				E0B5F7EF1DD8717400635CFA /* StudentsDB.swift in Sources */,
				3B497B091DDDEE1400F9395B /* MasterStudentTESTs.swift in Sources */,
			);
			runOnlyForDeploymentPostprocessing = 0;
		};
		E0B5F7CF1DD8626500635CFA /* Sources */ = {
			isa = PBXSourcesBuildPhase;
			buildActionMask = 2147483647;
			files = (
				E0B5F7D81DD8626500635CFA /* projectUITests.swift in Sources */,
				3B497B011DDDDCEA00F9395B /* MasterStudent.swift in Sources */,
				3B497B051DDDDF0F00F9395B /* PhdStudent.swift in Sources */,
				E0B5F7F01DD8717400635CFA /* StudentsDB.swift in Sources */,
				E0B5F7EA1DD8642000635CFA /* Student.swift in Sources */,
			);
			runOnlyForDeploymentPostprocessing = 0;
		};
/* End PBXSourcesBuildPhase section */

/* Begin PBXTargetDependency section */
		E0B5F7CA1DD8626500635CFA /* PBXTargetDependency */ = {
			isa = PBXTargetDependency;
			target = E0B5F7B31DD8626500635CFA /* project */;
			targetProxy = E0B5F7C91DD8626500635CFA /* PBXContainerItemProxy */;
		};
		E0B5F7D51DD8626500635CFA /* PBXTargetDependency */ = {
			isa = PBXTargetDependency;
			target = E0B5F7B31DD8626500635CFA /* project */;
			targetProxy = E0B5F7D41DD8626500635CFA /* PBXContainerItemProxy */;
		};
/* End PBXTargetDependency section */

/* Begin PBXVariantGroup section */
		E0B5F7BB1DD8626500635CFA /* Main.storyboard */ = {
			isa = PBXVariantGroup;
			children = (
				E0B5F7BC1DD8626500635CFA /* Base */,
			);
			name = Main.storyboard;
			sourceTree = "<group>";
		};
		E0B5F7C01DD8626500635CFA /* LaunchScreen.storyboard */ = {
			isa = PBXVariantGroup;
			children = (
				E0B5F7C11DD8626500635CFA /* Base */,
			);
			name = LaunchScreen.storyboard;
			sourceTree = "<group>";
		};
/* End PBXVariantGroup section */

/* Begin XCBuildConfiguration section */
		E0B5F7DA1DD8626500635CFA /* Debug */ = {
			isa = XCBuildConfiguration;
			buildSettings = {
				ALWAYS_SEARCH_USER_PATHS = NO;
				CLANG_ANALYZER_NONNULL = YES;
				CLANG_CXX_LANGUAGE_STANDARD = "gnu++0x";
				CLANG_CXX_LIBRARY = "libc++";
				CLANG_ENABLE_MODULES = YES;
				CLANG_ENABLE_OBJC_ARC = YES;
				CLANG_WARN_BOOL_CONVERSION = YES;
				CLANG_WARN_CONSTANT_CONVERSION = YES;
				CLANG_WARN_DIRECT_OBJC_ISA_USAGE = YES_ERROR;
				CLANG_WARN_DOCUMENTATION_COMMENTS = YES;
				CLANG_WARN_EMPTY_BODY = YES;
				CLANG_WARN_ENUM_CONVERSION = YES;
				CLANG_WARN_INFINITE_RECURSION = YES;
				CLANG_WARN_INT_CONVERSION = YES;
				CLANG_WARN_OBJC_ROOT_CLASS = YES_ERROR;
				CLANG_WARN_SUSPICIOUS_MOVE = YES;
				CLANG_WARN_SUSPICIOUS_MOVES = YES;
				CLANG_WARN_UNREACHABLE_CODE = YES;
				CLANG_WARN__DUPLICATE_METHOD_MATCH = YES;
				"CODE_SIGN_IDENTITY[sdk=iphoneos*]" = "iPhone Developer";
				COPY_PHASE_STRIP = NO;
				DEBUG_INFORMATION_FORMAT = dwarf;
				ENABLE_STRICT_OBJC_MSGSEND = YES;
				ENABLE_TESTABILITY = YES;
				GCC_C_LANGUAGE_STANDARD = gnu99;
				GCC_DYNAMIC_NO_PIC = NO;
				GCC_NO_COMMON_BLOCKS = YES;
				GCC_OPTIMIZATION_LEVEL = 0;
				GCC_PREPROCESSOR_DEFINITIONS = (
					"DEBUG=1",
					"$(inherited)",
				);
				GCC_WARN_64_TO_32_BIT_CONVERSION = YES;
				GCC_WARN_ABOUT_RETURN_TYPE = YES_ERROR;
				GCC_WARN_UNDECLARED_SELECTOR = YES;
				GCC_WARN_UNINITIALIZED_AUTOS = YES_AGGRESSIVE;
				GCC_WARN_UNUSED_FUNCTION = YES;
				GCC_WARN_UNUSED_VARIABLE = YES;
				IPHONEOS_DEPLOYMENT_TARGET = 10.0;
				MTL_ENABLE_DEBUG_INFO = YES;
				ONLY_ACTIVE_ARCH = YES;
				SDKROOT = iphoneos;
				SWIFT_ACTIVE_COMPILATION_CONDITIONS = DEBUG;
				SWIFT_OPTIMIZATION_LEVEL = "-Onone";
				TARGETED_DEVICE_FAMILY = "1,2";
			};
			name = Debug;
		};
		E0B5F7DB1DD8626500635CFA /* Release */ = {
			isa = XCBuildConfiguration;
			buildSettings = {
				ALWAYS_SEARCH_USER_PATHS = NO;
				CLANG_ANALYZER_NONNULL = YES;
				CLANG_CXX_LANGUAGE_STANDARD = "gnu++0x";
				CLANG_CXX_LIBRARY = "libc++";
				CLANG_ENABLE_MODULES = YES;
				CLANG_ENABLE_OBJC_ARC = YES;
				CLANG_WARN_BOOL_CONVERSION = YES;
				CLANG_WARN_CONSTANT_CONVERSION = YES;
				CLANG_WARN_DIRECT_OBJC_ISA_USAGE = YES_ERROR;
				CLANG_WARN_DOCUMENTATION_COMMENTS = YES;
				CLANG_WARN_EMPTY_BODY = YES;
				CLANG_WARN_ENUM_CONVERSION = YES;
				CLANG_WARN_INFINITE_RECURSION = YES;
				CLANG_WARN_INT_CONVERSION = YES;
				CLANG_WARN_OBJC_ROOT_CLASS = YES_ERROR;
				CLANG_WARN_SUSPICIOUS_MOVE = YES;
				CLANG_WARN_SUSPICIOUS_MOVES = YES;
				CLANG_WARN_UNREACHABLE_CODE = YES;
				CLANG_WARN__DUPLICATE_METHOD_MATCH = YES;
				"CODE_SIGN_IDENTITY[sdk=iphoneos*]" = "iPhone Developer";
				COPY_PHASE_STRIP = NO;
				DEBUG_INFORMATION_FORMAT = "dwarf-with-dsym";
				ENABLE_NS_ASSERTIONS = NO;
				ENABLE_STRICT_OBJC_MSGSEND = YES;
				GCC_C_LANGUAGE_STANDARD = gnu99;
				GCC_NO_COMMON_BLOCKS = YES;
				GCC_WARN_64_TO_32_BIT_CONVERSION = YES;
				GCC_WARN_ABOUT_RETURN_TYPE = YES_ERROR;
				GCC_WARN_UNDECLARED_SELECTOR = YES;
				GCC_WARN_UNINITIALIZED_AUTOS = YES_AGGRESSIVE;
				GCC_WARN_UNUSED_FUNCTION = YES;
				GCC_WARN_UNUSED_VARIABLE = YES;
				IPHONEOS_DEPLOYMENT_TARGET = 10.0;
				MTL_ENABLE_DEBUG_INFO = NO;
				SDKROOT = iphoneos;
				SWIFT_OPTIMIZATION_LEVEL = "-Owholemodule";
				TARGETED_DEVICE_FAMILY = "1,2";
				VALIDATE_PRODUCT = YES;
			};
			name = Release;
		};
		E0B5F7DD1DD8626500635CFA /* Debug */ = {
			isa = XCBuildConfiguration;
			buildSettings = {
				ASSETCATALOG_COMPILER_APPICON_NAME = AppIcon;
				INFOPLIST_FILE = project/Info.plist;
				LD_RUNPATH_SEARCH_PATHS = "$(inherited) @executable_path/Frameworks";
				PRODUCT_BUNDLE_IDENTIFIER = colman.project;
				PRODUCT_NAME = "$(TARGET_NAME)";
				SWIFT_VERSION = 3.0;
			};
			name = Debug;
		};
		E0B5F7DE1DD8626500635CFA /* Release */ = {
			isa = XCBuildConfiguration;
			buildSettings = {
				ASSETCATALOG_COMPILER_APPICON_NAME = AppIcon;
				INFOPLIST_FILE = project/Info.plist;
				LD_RUNPATH_SEARCH_PATHS = "$(inherited) @executable_path/Frameworks";
				PRODUCT_BUNDLE_IDENTIFIER = colman.project;
				PRODUCT_NAME = "$(TARGET_NAME)";
				SWIFT_VERSION = 3.0;
			};
			name = Release;
		};
		E0B5F7E01DD8626500635CFA /* Debug */ = {
			isa = XCBuildConfiguration;
			buildSettings = {
				ALWAYS_EMBED_SWIFT_STANDARD_LIBRARIES = YES;
				BUNDLE_LOADER = "$(TEST_HOST)";
				INFOPLIST_FILE = projectTests/Info.plist;
				LD_RUNPATH_SEARCH_PATHS = "$(inherited) @executable_path/Frameworks @loader_path/Frameworks";
				PRODUCT_BUNDLE_IDENTIFIER = colman.projectTests;
				PRODUCT_NAME = "$(TARGET_NAME)";
				SWIFT_VERSION = 3.0;
				TEST_HOST = "$(BUILT_PRODUCTS_DIR)/project.app/project";
			};
			name = Debug;
		};
		E0B5F7E11DD8626500635CFA /* Release */ = {
			isa = XCBuildConfiguration;
			buildSettings = {
				ALWAYS_EMBED_SWIFT_STANDARD_LIBRARIES = YES;
				BUNDLE_LOADER = "$(TEST_HOST)";
				INFOPLIST_FILE = projectTests/Info.plist;
				LD_RUNPATH_SEARCH_PATHS = "$(inherited) @executable_path/Frameworks @loader_path/Frameworks";
				PRODUCT_BUNDLE_IDENTIFIER = colman.projectTests;
				PRODUCT_NAME = "$(TARGET_NAME)";
				SWIFT_VERSION = 3.0;
				TEST_HOST = "$(BUILT_PRODUCTS_DIR)/project.app/project";
			};
			name = Release;
		};
		E0B5F7E31DD8626500635CFA /* Debug */ = {
			isa = XCBuildConfiguration;
			buildSettings = {
				ALWAYS_EMBED_SWIFT_STANDARD_LIBRARIES = YES;
				INFOPLIST_FILE = projectUITests/Info.plist;
				LD_RUNPATH_SEARCH_PATHS = "$(inherited) @executable_path/Frameworks @loader_path/Frameworks";
				PRODUCT_BUNDLE_IDENTIFIER = colman.projectUITests;
				PRODUCT_NAME = "$(TARGET_NAME)";
				SWIFT_VERSION = 3.0;
				TEST_TARGET_NAME = project;
			};
			name = Debug;
		};
		E0B5F7E41DD8626500635CFA /* Release */ = {
			isa = XCBuildConfiguration;
			buildSettings = {
				ALWAYS_EMBED_SWIFT_STANDARD_LIBRARIES = YES;
				INFOPLIST_FILE = projectUITests/Info.plist;
				LD_RUNPATH_SEARCH_PATHS = "$(inherited) @executable_path/Frameworks @loader_path/Frameworks";
				PRODUCT_BUNDLE_IDENTIFIER = colman.projectUITests;
				PRODUCT_NAME = "$(TARGET_NAME)";
				SWIFT_VERSION = 3.0;
				TEST_TARGET_NAME = project;
			};
			name = Release;
		};
/* End XCBuildConfiguration section */

/* Begin XCConfigurationList section */
		E0B5F7AF1DD8626500635CFA /* Build configuration list for PBXProject "project" */ = {
			isa = XCConfigurationList;
			buildConfigurations = (
				E0B5F7DA1DD8626500635CFA /* Debug */,
				E0B5F7DB1DD8626500635CFA /* Release */,
			);
			defaultConfigurationIsVisible = 0;
			defaultConfigurationName = Release;
		};
		E0B5F7DC1DD8626500635CFA /* Build configuration list for PBXNativeTarget "project" */ = {
			isa = XCConfigurationList;
			buildConfigurations = (
				E0B5F7DD1DD8626500635CFA /* Debug */,
				E0B5F7DE1DD8626500635CFA /* Release */,
			);
			defaultConfigurationIsVisible = 0;
			defaultConfigurationName = Release;
		};
		E0B5F7DF1DD8626500635CFA /* Build configuration list for PBXNativeTarget "projectTests" */ = {
			isa = XCConfigurationList;
			buildConfigurations = (
				E0B5F7E01DD8626500635CFA /* Debug */,
				E0B5F7E11DD8626500635CFA /* Release */,
			);
			defaultConfigurationIsVisible = 0;
			defaultConfigurationName = Release;
		};
		E0B5F7E21DD8626500635CFA /* Build configuration list for PBXNativeTarget "projectUITests" */ = {
			isa = XCConfigurationList;
			buildConfigurations = (
				E0B5F7E31DD8626500635CFA /* Debug */,
				E0B5F7E41DD8626500635CFA /* Release */,
			);
			defaultConfigurationIsVisible = 0;
			defaultConfigurationName = Release;
		};
/* End XCConfigurationList section */
	};
	rootObject = E0B5F7AC1DD8626500635CFA /* Project object */;
}
